{
  "requires": true,
  "lockfileVersion": 1,
  "dependencies": {
    "bootstrap": {
      "version": "4.5.0",
      "resolved": "https://registry.npmjs.org/bootstrap/-/bootstrap-4.5.0.tgz",
      "integrity": "sha512-Z93QoXvodoVslA+PWNdk23Hze4RBYIkpb5h8I2HY2Tu2h7A0LpAgLcyrhrSUyo2/Oxm2l1fRZPs1e5hnxnliXA=="
    },
    "ngx-cookie-service": {
      "version": "3.0.4",
      "resolved": "https://registry.npmjs.org/ngx-cookie-service/-/ngx-cookie-service-3.0.4.tgz",
      "integrity": "sha512-g4KHpCWL2EtKatWqn8lz/DdyMQO8sDS7BNwCSvxF1ETTW5DPJnbdEwCjSdm84MmfqBh6JdgvoQd//rOxH5EbgQ=="
    },
    "primeng": {
      "version": "9.1.0",
      "resolved": "https://registry.npmjs.org/primeng/-/primeng-9.1.0.tgz",
      "integrity": "sha512-EeW+WA7uT4/7UBJ23Gfb4x8MaTdFpeV9XxAy68K/XIoeTmZ2hNJrdVdfF63y6k7nxwA/mOrkIMshY0eM8nMzoQ=="
    }
  }
}
